// !$*UTF8*$!
{
	archiveVersion = 1;
	classes = {
	};
	objectVersion = 50;
	objects = {

/* Begin PBXBuildFile section */
		B72AD52225782A76000F10B5 /* VisitorLogin.swift in Sources */ = {isa = PBXBuildFile; fileRef = B72AD52125782A76000F10B5 /* VisitorLogin.swift */; };
		B76F5EC32576C3C90093593F /* AppDelegate.swift in Sources */ = {isa = PBXBuildFile; fileRef = B76F5EC22576C3C90093593F /* AppDelegate.swift */; };
		B76F5EC52576C3C90093593F /* SceneDelegate.swift in Sources */ = {isa = PBXBuildFile; fileRef = B76F5EC42576C3C90093593F /* SceneDelegate.swift */; };
		B76F5EC72576C3C90093593F /* ContentView.swift in Sources */ = {isa = PBXBuildFile; fileRef = B76F5EC62576C3C90093593F /* ContentView.swift */; };
		B76F5ECA2576C3C90093593F /* LogSafe.xcdatamodeld in Sources */ = {isa = PBXBuildFile; fileRef = B76F5EC82576C3C90093593F /* LogSafe.xcdatamodeld */; };
		B76F5ECC2576C3CA0093593F /* Assets.xcassets in Resources */ = {isa = PBXBuildFile; fileRef = B76F5ECB2576C3CA0093593F /* Assets.xcassets */; };
		B76F5ECF2576C3CA0093593F /* Preview Assets.xcassets in Resources */ = {isa = PBXBuildFile; fileRef = B76F5ECE2576C3CA0093593F /* Preview Assets.xcassets */; };
		B76F5ED22576C3CA0093593F /* LaunchScreen.storyboard in Resources */ = {isa = PBXBuildFile; fileRef = B76F5ED02576C3CA0093593F /* LaunchScreen.storyboard */; };
		B76F5EDC2576C44E0093593F /* UserData.swift in Sources */ = {isa = PBXBuildFile; fileRef = B76F5EDB2576C44E0093593F /* UserData.swift */; };
		B76F5EE02576C4C70093593F /* Home.swift in Sources */ = {isa = PBXBuildFile; fileRef = B76F5EDF2576C4C70093593F /* Home.swift */; };
		B76F5EE3257801EF0093593F /* LoginView.swift in Sources */ = {isa = PBXBuildFile; fileRef = B76F5EE2257801EF0093593F /* LoginView.swift */; };
		B76F5EE52578021D0093593F /* MainView.swift in Sources */ = {isa = PBXBuildFile; fileRef = B76F5EE42578021D0093593F /* MainView.swift */; };
		B76F5EE9257804290093593F /* AudioPlayer.swift in Sources */ = {isa = PBXBuildFile; fileRef = B76F5EE8257804290093593F /* AudioPlayer.swift */; };
		B76F5EEB2578047C0093593F /* CreateAudioPlayer.swift in Sources */ = {isa = PBXBuildFile; fileRef = B76F5EEA2578047C0093593F /* CreateAudioPlayer.swift */; };
		B76F5EED25780AFD0093593F /* LoginTypeScreen.swift in Sources */ = {isa = PBXBuildFile; fileRef = B76F5EEC25780AFD0093593F /* LoginTypeScreen.swift */; };
/* End PBXBuildFile section */

/* Begin PBXFileReference section */
		B72AD52125782A76000F10B5 /* VisitorLogin.swift */ = {isa = PBXFileReference; lastKnownFileType = sourcecode.swift; path = VisitorLogin.swift; sourceTree = "<group>"; };
		B76F5EBF2576C3C90093593F /* LogSafe.app */ = {isa = PBXFileReference; explicitFileType = wrapper.application; includeInIndex = 0; path = LogSafe.app; sourceTree = BUILT_PRODUCTS_DIR; };
		B76F5EC22576C3C90093593F /* AppDelegate.swift */ = {isa = PBXFileReference; lastKnownFileType = sourcecode.swift; path = AppDelegate.swift; sourceTree = "<group>"; };
		B76F5EC42576C3C90093593F /* SceneDelegate.swift */ = {isa = PBXFileReference; lastKnownFileType = sourcecode.swift; path = SceneDelegate.swift; sourceTree = "<group>"; };
		B76F5EC62576C3C90093593F /* ContentView.swift */ = {isa = PBXFileReference; lastKnownFileType = sourcecode.swift; path = ContentView.swift; sourceTree = "<group>"; };
		B76F5EC92576C3C90093593F /* LogSafe.xcdatamodel */ = {isa = PBXFileReference; lastKnownFileType = wrapper.xcdatamodel; path = LogSafe.xcdatamodel; sourceTree = "<group>"; };
		B76F5ECB2576C3CA0093593F /* Assets.xcassets */ = {isa = PBXFileReference; lastKnownFileType = folder.assetcatalog; path = Assets.xcassets; sourceTree = "<group>"; };
		B76F5ECE2576C3CA0093593F /* Preview Assets.xcassets */ = {isa = PBXFileReference; lastKnownFileType = folder.assetcatalog; path = "Preview Assets.xcassets"; sourceTree = "<group>"; };
		B76F5ED12576C3CA0093593F /* Base */ = {isa = PBXFileReference; lastKnownFileType = file.storyboard; name = Base; path = Base.lproj/LaunchScreen.storyboard; sourceTree = "<group>"; };
		B76F5ED32576C3CA0093593F /* Info.plist */ = {isa = PBXFileReference; lastKnownFileType = text.plist.xml; path = Info.plist; sourceTree = "<group>"; };
		B76F5EDB2576C44E0093593F /* UserData.swift */ = {isa = PBXFileReference; lastKnownFileType = sourcecode.swift; path = UserData.swift; sourceTree = "<group>"; };
		B76F5EDF2576C4C70093593F /* Home.swift */ = {isa = PBXFileReference; lastKnownFileType = sourcecode.swift; path = Home.swift; sourceTree = "<group>"; };
		B76F5EE2257801EF0093593F /* LoginView.swift */ = {isa = PBXFileReference; lastKnownFileType = sourcecode.swift; path = LoginView.swift; sourceTree = "<group>"; };
		B76F5EE42578021D0093593F /* MainView.swift */ = {isa = PBXFileReference; lastKnownFileType = sourcecode.swift; path = MainView.swift; sourceTree = "<group>"; };
		B76F5EE8257804290093593F /* AudioPlayer.swift */ = {isa = PBXFileReference; lastKnownFileType = sourcecode.swift; path = AudioPlayer.swift; sourceTree = "<group>"; };
		B76F5EEA2578047C0093593F /* CreateAudioPlayer.swift */ = {isa = PBXFileReference; lastKnownFileType = sourcecode.swift; path = CreateAudioPlayer.swift; sourceTree = "<group>"; };
		B76F5EEC25780AFD0093593F /* LoginTypeScreen.swift */ = {isa = PBXFileReference; lastKnownFileType = sourcecode.swift; path = LoginTypeScreen.swift; sourceTree = "<group>"; };
/* End PBXFileReference section */

/* Begin PBXFrameworksBuildPhase section */
		B76F5EBC2576C3C90093593F /* Frameworks */ = {
			isa = PBXFrameworksBuildPhase;
			buildActionMask = 2147483647;
			files = (
			);
			runOnlyForDeploymentPostprocessing = 0;
		};
/* End PBXFrameworksBuildPhase section */

/* Begin PBXGroup section */
		B76F5EB62576C3C90093593F = {
			isa = PBXGroup;
			children = (
				B76F5EC12576C3C90093593F /* LogSafe */,
				B76F5EC02576C3C90093593F /* Products */,
			);
			sourceTree = "<group>";
		};
		B76F5EC02576C3C90093593F /* Products */ = {
			isa = PBXGroup;
			children = (
				B76F5EBF2576C3C90093593F /* LogSafe.app */,
			);
			name = Products;
			sourceTree = "<group>";
		};
		B76F5EC12576C3C90093593F /* LogSafe */ = {
			isa = PBXGroup;
			children = (
				B76F5EE72578041B0093593F /* Supporting Files */,
				B76F5EE1257801D60093593F /* Startup Views */,
				B76F5ED92576C3E70093593F /* Delegates */,
				B76F5EDA2576C43F0093593F /* Data Models */,
				B76F5EDD2576C4AA0093593F /* Tab Bar Views */,
				B76F5ECD2576C3CA0093593F /* Preview Content */,
				B76F5ECB2576C3CA0093593F /* Assets.xcassets */,
				B76F5ED02576C3CA0093593F /* LaunchScreen.storyboard */,
				B76F5ED32576C3CA0093593F /* Info.plist */,
				B76F5EC82576C3C90093593F /* LogSafe.xcdatamodeld */,
			);
			path = LogSafe;
			sourceTree = "<group>";
		};
		B76F5ECD2576C3CA0093593F /* Preview Content */ = {
			isa = PBXGroup;
			children = (
				B76F5ECE2576C3CA0093593F /* Preview Assets.xcassets */,
			);
			path = "Preview Content";
			sourceTree = "<group>";
		};
		B76F5ED92576C3E70093593F /* Delegates */ = {
			isa = PBXGroup;
			children = (
				B76F5EC42576C3C90093593F /* SceneDelegate.swift */,
				B76F5EC22576C3C90093593F /* AppDelegate.swift */,
			);
			path = Delegates;
			sourceTree = "<group>";
		};
		B76F5EDA2576C43F0093593F /* Data Models */ = {
			isa = PBXGroup;
			children = (
				B76F5EDB2576C44E0093593F /* UserData.swift */,
			);
			path = "Data Models";
			sourceTree = "<group>";
		};
		B76F5EDD2576C4AA0093593F /* Tab Bar Views */ = {
			isa = PBXGroup;
			children = (
				B76F5EDE2576C4BE0093593F /* Home */,
			);
			path = "Tab Bar Views";
			sourceTree = "<group>";
		};
		B76F5EDE2576C4BE0093593F /* Home */ = {
			isa = PBXGroup;
			children = (
				B76F5EDF2576C4C70093593F /* Home.swift */,
			);
			path = Home;
			sourceTree = "<group>";
		};
		B76F5EE1257801D60093593F /* Startup Views */ = {
			isa = PBXGroup;
			children = (
				B76F5EC62576C3C90093593F /* ContentView.swift */,
				B76F5EEC25780AFD0093593F /* LoginTypeScreen.swift */,
				B76F5EE2257801EF0093593F /* LoginView.swift */,
				B72AD52125782A76000F10B5 /* VisitorLogin.swift */,
				B76F5EE42578021D0093593F /* MainView.swift */,
			);
			path = "Startup Views";
			sourceTree = "<group>";
		};
		B76F5EE72578041B0093593F /* Supporting Files */ = {
			isa = PBXGroup;
			children = (
				B76F5EE8257804290093593F /* AudioPlayer.swift */,
				B76F5EEA2578047C0093593F /* CreateAudioPlayer.swift */,
			);
			path = "Supporting Files";
			sourceTree = "<group>";
		};
/* End PBXGroup section */

/* Begin PBXNativeTarget section */
		B76F5EBE2576C3C90093593F /* LogSafe */ = {
			isa = PBXNativeTarget;
			buildConfigurationList = B76F5ED62576C3CA0093593F /* Build configuration list for PBXNativeTarget "LogSafe" */;
			buildPhases = (
				B76F5EBB2576C3C90093593F /* Sources */,
				B76F5EBC2576C3C90093593F /* Frameworks */,
				B76F5EBD2576C3C90093593F /* Resources */,
			);
			buildRules = (
			);
			dependencies = (
			);
			name = LogSafe;
			productName = LogSafe;
			productReference = B76F5EBF2576C3C90093593F /* LogSafe.app */;
			productType = "com.apple.product-type.application";
		};
/* End PBXNativeTarget section */

/* Begin PBXProject section */
		B76F5EB72576C3C90093593F /* Project object */ = {
			isa = PBXProject;
			attributes = {
				LastSwiftUpdateCheck = 1200;
				LastUpgradeCheck = 1200;
				TargetAttributes = {
					B76F5EBE2576C3C90093593F = {
						CreatedOnToolsVersion = 12.0;
					};
				};
			};
			buildConfigurationList = B76F5EBA2576C3C90093593F /* Build configuration list for PBXProject "LogSafe" */;
			compatibilityVersion = "Xcode 9.3";
			developmentRegion = en;
			hasScannedForEncodings = 0;
			knownRegions = (
				en,
				Base,
			);
			mainGroup = B76F5EB62576C3C90093593F;
			productRefGroup = B76F5EC02576C3C90093593F /* Products */;
			projectDirPath = "";
			projectRoot = "";
			targets = (
				B76F5EBE2576C3C90093593F /* LogSafe */,
			);
		};
/* End PBXProject section */

/* Begin PBXResourcesBuildPhase section */
		B76F5EBD2576C3C90093593F /* Resources */ = {
			isa = PBXResourcesBuildPhase;
			buildActionMask = 2147483647;
			files = (
				B76F5ED22576C3CA0093593F /* LaunchScreen.storyboard in Resources */,
				B76F5ECF2576C3CA0093593F /* Preview Assets.xcassets in Resources */,
				B76F5ECC2576C3CA0093593F /* Assets.xcassets in Resources */,
			);
			runOnlyForDeploymentPostprocessing = 0;
		};
/* End PBXResourcesBuildPhase section */

/* Begin PBXSourcesBuildPhase section */
		B76F5EBB2576C3C90093593F /* Sources */ = {
			isa = PBXSourcesBuildPhase;
			buildActionMask = 2147483647;
			files = (
				B76F5EC32576C3C90093593F /* AppDelegate.swift in Sources */,
				B76F5EE52578021D0093593F /* MainView.swift in Sources */,
				B76F5EE9257804290093593F /* AudioPlayer.swift in Sources */,
				B76F5EEB2578047C0093593F /* CreateAudioPlayer.swift in Sources */,
				B76F5EE3257801EF0093593F /* LoginView.swift in Sources */,
				B76F5EED25780AFD0093593F /* LoginTypeScreen.swift in Sources */,
				B72AD52225782A76000F10B5 /* VisitorLogin.swift in Sources */,
				B76F5ECA2576C3C90093593F /* LogSafe.xcdatamodeld in Sources */,
				B76F5EC52576C3C90093593F /* SceneDelegate.swift in Sources */,
				B76F5EDC2576C44E0093593F /* UserData.swift in Sources */,
				B76F5EE02576C4C70093593F /* Home.swift in Sources */,
				B76F5EC72576C3C90093593F /* ContentView.swift in Sources */,
			);
			runOnlyForDeploymentPostprocessing = 0;
		};
/* End PBXSourcesBuildPhase section */

/* Begin PBXVariantGroup section */
		B76F5ED02576C3CA0093593F /* LaunchScreen.storyboard */ = {
			isa = PBXVariantGroup;
			children = (
				B76F5ED12576C3CA0093593F /* Base */,
			);
			name = LaunchScreen.storyboard;
			sourceTree = "<group>";
		};
/* End PBXVariantGroup section */

/* Begin XCBuildConfiguration section */
		B76F5ED42576C3CA0093593F /* Debug */ = {
			isa = XCBuildConfiguration;
			buildSettings = {
				ALWAYS_SEARCH_USER_PATHS = NO;
				CLANG_ANALYZER_NONNULL = YES;
				CLANG_ANALYZER_NUMBER_OBJECT_CONVERSION = YES_AGGRESSIVE;
				CLANG_CXX_LANGUAGE_STANDARD = "gnu++14";
				CLANG_CXX_LIBRARY = "libc++";
				CLANG_ENABLE_MODULES = YES;
				CLANG_ENABLE_OBJC_ARC = YES;
				CLANG_ENABLE_OBJC_WEAK = YES;
				CLANG_WARN_BLOCK_CAPTURE_AUTORELEASING = YES;
				CLANG_WARN_BOOL_CONVERSION = YES;
				CLANG_WARN_COMMA = YES;
				CLANG_WARN_CONSTANT_CONVERSION = YES;
				CLANG_WARN_DEPRECATED_OBJC_IMPLEMENTATIONS = YES;
				CLANG_WARN_DIRECT_OBJC_ISA_USAGE = YES_ERROR;
				CLANG_WARN_DOCUMENTATION_COMMENTS = YES;
				CLANG_WARN_EMPTY_BODY = YES;
				CLANG_WARN_ENUM_CONVERSION = YES;
				CLANG_WARN_INFINITE_RECURSION = YES;
				CLANG_WARN_INT_CONVERSION = YES;
				CLANG_WARN_NON_LITERAL_NULL_CONVERSION = YES;
				CLANG_WARN_OBJC_IMPLICIT_RETAIN_SELF = YES;
				CLANG_WARN_OBJC_LITERAL_CONVERSION = YES;
				CLANG_WARN_OBJC_ROOT_CLASS = YES_ERROR;
				CLANG_WARN_QUOTED_INCLUDE_IN_FRAMEWORK_HEADER = YES;
				CLANG_WARN_RANGE_LOOP_ANALYSIS = YES;
				CLANG_WARN_STRICT_PROTOTYPES = YES;
				CLANG_WARN_SUSPICIOUS_MOVE = YES;
				CLANG_WARN_UNGUARDED_AVAILABILITY = YES_AGGRESSIVE;
				CLANG_WARN_UNREACHABLE_CODE = YES;
				CLANG_WARN__DUPLICATE_METHOD_MATCH = YES;
				COPY_PHASE_STRIP = NO;
				DEBUG_INFORMATION_FORMAT = dwarf;
				ENABLE_STRICT_OBJC_MSGSEND = YES;
				ENABLE_TESTABILITY = YES;
				GCC_C_LANGUAGE_STANDARD = gnu11;
				GCC_DYNAMIC_NO_PIC = NO;
				GCC_NO_COMMON_BLOCKS = YES;
				GCC_OPTIMIZATION_LEVEL = 0;
				GCC_PREPROCESSOR_DEFINITIONS = (
					"DEBUG=1",
					"$(inherited)",
				);
				GCC_WARN_64_TO_32_BIT_CONVERSION = YES;
				GCC_WARN_ABOUT_RETURN_TYPE = YES_ERROR;
				GCC_WARN_UNDECLARED_SELECTOR = YES;
				GCC_WARN_UNINITIALIZED_AUTOS = YES_AGGRESSIVE;
				GCC_WARN_UNUSED_FUNCTION = YES;
				GCC_WARN_UNUSED_VARIABLE = YES;
				IPHONEOS_DEPLOYMENT_TARGET = 14.0;
				MTL_ENABLE_DEBUG_INFO = INCLUDE_SOURCE;
				MTL_FAST_MATH = YES;
				ONLY_ACTIVE_ARCH = YES;
				SDKROOT = iphoneos;
				SWIFT_ACTIVE_COMPILATION_CONDITIONS = DEBUG;
				SWIFT_OPTIMIZATION_LEVEL = "-Onone";
			};
			name = Debug;
		};
		B76F5ED52576C3CA0093593F /* Release */ = {
			isa = XCBuildConfiguration;
			buildSettings = {
				ALWAYS_SEARCH_USER_PATHS = NO;
				CLANG_ANALYZER_NONNULL = YES;
				CLANG_ANALYZER_NUMBER_OBJECT_CONVERSION = YES_AGGRESSIVE;
				CLANG_CXX_LANGUAGE_STANDARD = "gnu++14";
				CLANG_CXX_LIBRARY = "libc++";
				CLANG_ENABLE_MODULES = YES;
				CLANG_ENABLE_OBJC_ARC = YES;
				CLANG_ENABLE_OBJC_WEAK = YES;
				CLANG_WARN_BLOCK_CAPTURE_AUTORELEASING = YES;
				CLANG_WARN_BOOL_CONVERSION = YES;
				CLANG_WARN_COMMA = YES;
				CLANG_WARN_CONSTANT_CONVERSION = YES;
				CLANG_WARN_DEPRECATED_OBJC_IMPLEMENTATIONS = YES;
				CLANG_WARN_DIRECT_OBJC_ISA_USAGE = YES_ERROR;
				CLANG_WARN_DOCUMENTATION_COMMENTS = YES;
				CLANG_WARN_EMPTY_BODY = YES;
				CLANG_WARN_ENUM_CONVERSION = YES;
				CLANG_WARN_INFINITE_RECURSION = YES;
				CLANG_WARN_INT_CONVERSION = YES;
				CLANG_WARN_NON_LITERAL_NULL_CONVERSION = YES;
				CLANG_WARN_OBJC_IMPLICIT_RETAIN_SELF = YES;
				CLANG_WARN_OBJC_LITERAL_CONVERSION = YES;
				CLANG_WARN_OBJC_ROOT_CLASS = YES_ERROR;
				CLANG_WARN_QUOTED_INCLUDE_IN_FRAMEWORK_HEADER = YES;
				CLANG_WARN_RANGE_LOOP_ANALYSIS = YES;
				CLANG_WARN_STRICT_PROTOTYPES = YES;
				CLANG_WARN_SUSPICIOUS_MOVE = YES;
				CLANG_WARN_UNGUARDED_AVAILABILITY = YES_AGGRESSIVE;
				CLANG_WARN_UNREACHABLE_CODE = YES;
				CLANG_WARN__DUPLICATE_METHOD_MATCH = YES;
				COPY_PHASE_STRIP = NO;
				DEBUG_INFORMATION_FORMAT = "dwarf-with-dsym";
				ENABLE_NS_ASSERTIONS = NO;
				ENABLE_STRICT_OBJC_MSGSEND = YES;
				GCC_C_LANGUAGE_STANDARD = gnu11;
				GCC_NO_COMMON_BLOCKS = YES;
				GCC_WARN_64_TO_32_BIT_CONVERSION = YES;
				GCC_WARN_ABOUT_RETURN_TYPE = YES_ERROR;
				GCC_WARN_UNDECLARED_SELECTOR = YES;
				GCC_WARN_UNINITIALIZED_AUTOS = YES_AGGRESSIVE;
				GCC_WARN_UNUSED_FUNCTION = YES;
				GCC_WARN_UNUSED_VARIABLE = YES;
				IPHONEOS_DEPLOYMENT_TARGET = 14.0;
				MTL_ENABLE_DEBUG_INFO = NO;
				MTL_FAST_MATH = YES;
				SDKROOT = iphoneos;
				SWIFT_COMPILATION_MODE = wholemodule;
				SWIFT_OPTIMIZATION_LEVEL = "-O";
				VALIDATE_PRODUCT = YES;
			};
			name = Release;
		};
		B76F5ED72576C3CA0093593F /* Debug */ = {
			isa = XCBuildConfiguration;
			buildSettings = {
				ASSETCATALOG_COMPILER_APPICON_NAME = AppIcon;
				ASSETCATALOG_COMPILER_GLOBAL_ACCENT_COLOR_NAME = AccentColor;
				CODE_SIGN_STYLE = Automatic;
				DEVELOPMENT_ASSET_PATHS = "\"LogSafe/Preview Content\"";
				DEVELOPMENT_TEAM = 9P3KC5LPCS;
				ENABLE_PREVIEWS = YES;
				INFOPLIST_FILE = LogSafe/Info.plist;
				LD_RUNPATH_SEARCH_PATHS = (
					"$(inherited)",
					"@executable_path/Frameworks",
				);
				PRODUCT_BUNDLE_IDENTIFIER = com.casonbrinson.LogSafe;
				PRODUCT_NAME = "$(TARGET_NAME)";
				SWIFT_VERSION = 5.0;
				TARGETED_DEVICE_FAMILY = "1,2";
			};
			name = Debug;
		};
		B76F5ED82576C3CA0093593F /* Release */ = {
			isa = XCBuildConfiguration;
			buildSettings = {
				ASSETCATALOG_COMPILER_APPICON_NAME = AppIcon;
				ASSETCATALOG_COMPILER_GLOBAL_ACCENT_COLOR_NAME = AccentColor;
				CODE_SIGN_STYLE = Automatic;
				DEVELOPMENT_ASSET_PATHS = "\"LogSafe/Preview Content\"";
				DEVELOPMENT_TEAM = 9P3KC5LPCS;
				ENABLE_PREVIEWS = YES;
				INFOPLIST_FILE = LogSafe/Info.plist;
				LD_RUNPATH_SEARCH_PATHS = (
					"$(inherited)",
					"@executable_path/Frameworks",
				);
				PRODUCT_BUNDLE_IDENTIFIER = com.casonbrinson.LogSafe;
				PRODUCT_NAME = "$(TARGET_NAME)";
				SWIFT_VERSION = 5.0;
				TARGETED_DEVICE_FAMILY = "1,2";
			};
			name = Release;
		};
/* End XCBuildConfiguration section */

/* Begin XCConfigurationList section */
		B76F5EBA2576C3C90093593F /* Build configuration list for PBXProject "LogSafe" */ = {
			isa = XCConfigurationList;
			buildConfigurations = (
				B76F5ED42576C3CA0093593F /* Debug */,
				B76F5ED52576C3CA0093593F /* Release */,
			);
			defaultConfigurationIsVisible = 0;
			defaultConfigurationName = Release;
		};
		B76F5ED62576C3CA0093593F /* Build configuration list for PBXNativeTarget "LogSafe" */ = {
			isa = XCConfigurationList;
			buildConfigurations = (
				B76F5ED72576C3CA0093593F /* Debug */,
				B76F5ED82576C3CA0093593F /* Release */,
			);
			defaultConfigurationIsVisible = 0;
			defaultConfigurationName = Release;
		};
/* End XCConfigurationList section */

/* Begin XCVersionGroup section */
		B76F5EC82576C3C90093593F /* LogSafe.xcdatamodeld */ = {
			isa = XCVersionGroup;
			children = (
				B76F5EC92576C3C90093593F /* LogSafe.xcdatamodel */,
			);
			currentVersion = B76F5EC92576C3C90093593F /* LogSafe.xcdatamodel */;
			path = LogSafe.xcdatamodeld;
			sourceTree = "<group>";
			versionGroupType = wrapper.xcdatamodel;
		};
/* End XCVersionGroup section */
	};
	rootObject = B76F5EB72576C3C90093593F /* Project object */;
}
